// !$*UTF8*$!
{
	archiveVersion = 1;
	classes = {
	};
	objectVersion = 46;
	objects = {

/* Begin PBXFileReference section */
		F9263D35191DA5AB0076F1EA /* raytrace.cpp */ = {isa = PBXFileReference; fileEncoding = 4; lastKnownFileType = sourcecode.cpp.cpp; path = raytrace.cpp; sourceTree = "<group>"; };
		F9263D36191DA5AB0076F1EA /* raytrace.h */ = {isa = PBXFileReference; fileEncoding = 4; lastKnownFileType = sourcecode.c.h; path = raytrace.h; sourceTree = "<group>"; };
		F97F7FBF191BFFC200DC8B78 /* fglut */ = {isa = PBXFileReference; lastKnownFileType = folder; path = fglut; sourceTree = "<group>"; };
		F97F7FC0191BFFC200DC8B78 /* game.cpp */ = {isa = PBXFileReference; fileEncoding = 4; lastKnownFileType = sourcecode.cpp.cpp; path = game.cpp; sourceTree = "<group>"; };
		F97F7FC1191BFFC200DC8B78 /* jpeg */ = {isa = PBXFileReference; lastKnownFileType = folder; path = jpeg; sourceTree = "<group>"; };
		F97F7FC2191BFFC200DC8B78 /* Makefile */ = {isa = PBXFileReference; fileEncoding = 4; lastKnownFileType = sourcecode.make; path = Makefile; sourceTree = "<group>"; };
		F97F7FC3191BFFC200DC8B78 /* particle.cpp */ = {isa = PBXFileReference; fileEncoding = 4; lastKnownFileType = sourcecode.cpp.cpp; path = particle.cpp; sourceTree = "<group>"; };
		F97F7FC4191BFFC200DC8B78 /* particle.h */ = {isa = PBXFileReference; fileEncoding = 4; lastKnownFileType = sourcecode.c.h; path = particle.h; sourceTree = "<group>"; };
		F97F7FC5191BFFC200DC8B78 /* R2 */ = {isa = PBXFileReference; lastKnownFileType = folder; path = R2; sourceTree = "<group>"; };
		F97F7FC6191BFFC200DC8B78 /* R3 */ = {isa = PBXFileReference; lastKnownFileType = folder; path = R3; sourceTree = "<group>"; };
		F97F7FC7191BFFC200DC8B78 /* R3Scene.cpp */ = {isa = PBXFileReference; fileEncoding = 4; lastKnownFileType = sourcecode.cpp.cpp; path = R3Scene.cpp; sourceTree = "<group>"; };
		F97F7FC8191BFFC200DC8B78 /* R3Scene.h */ = {isa = PBXFileReference; fileEncoding = 4; lastKnownFileType = sourcecode.c.h; path = R3Scene.h; sourceTree = "<group>"; };
/* End PBXFileReference section */

/* Begin PBXGroup section */
		F92BE390191BFF7200172999 = {
			isa = PBXGroup;
			children = (
				F97F7FBF191BFFC200DC8B78 /* fglut */,
				F97F7FC0191BFFC200DC8B78 /* game.cpp */,
				F9263D35191DA5AB0076F1EA /* raytrace.cpp */,
				F9263D36191DA5AB0076F1EA /* raytrace.h */,
				F97F7FC1191BFFC200DC8B78 /* jpeg */,
				F97F7FC2191BFFC200DC8B78 /* Makefile */,
				F97F7FC3191BFFC200DC8B78 /* particle.cpp */,
				F97F7FC4191BFFC200DC8B78 /* particle.h */,
				F97F7FC5191BFFC200DC8B78 /* R2 */,
				F97F7FC6191BFFC200DC8B78 /* R3 */,
				F97F7FC7191BFFC200DC8B78 /* R3Scene.cpp */,
				F97F7FC8191BFFC200DC8B78 /* R3Scene.h */,
			);
			sourceTree = "<group>";
		};
/* End PBXGroup section */

/* Begin PBXLegacyTarget section */
		F92BE395191BFF7200172999 /* 426 Final Project */ = {
			isa = PBXLegacyTarget;
			buildArgumentsString = "$(ACTION)";
			buildConfigurationList = F92BE398191BFF7200172999 /* Build configuration list for PBXLegacyTarget "426 Final Project" */;
			buildPhases = (
			);
			buildToolPath = /usr/bin/make;
			dependencies = (
			);
			name = "426 Final Project";
			passBuildSettingsInEnvironment = 1;
			productName = "426 Final Project";
		};
/* End PBXLegacyTarget section */

/* Begin PBXProject section */
		F92BE391191BFF7200172999 /* Project object */ = {
			isa = PBXProject;
			attributes = {
				LastUpgradeCheck = 0510;
				ORGANIZATIONNAME = "da miley";
			};
			buildConfigurationList = F92BE394191BFF7200172999 /* Build configuration list for PBXProject "426 Final Project" */;
			compatibilityVersion = "Xcode 3.2";
			developmentRegion = English;
			hasScannedForEncodings = 0;
			knownRegions = (
				en,
			);
			mainGroup = F92BE390191BFF7200172999;
			projectDirPath = "";
			projectRoot = "";
			targets = (
				F92BE395191BFF7200172999 /* 426 Final Project */,
			);
		};
/* End PBXProject section */

/* Begin XCBuildConfiguration section */
		F92BE396191BFF7200172999 /* Debug */ = {
			isa = XCBuildConfiguration;
			buildSettings = {
				ALWAYS_SEARCH_USER_PATHS = NO;
				CLANG_CXX_LANGUAGE_STANDARD = "gnu++0x";
				CLANG_CXX_LIBRARY = "libc++";
				CLANG_ENABLE_MODULES = YES;
				CLANG_ENABLE_OBJC_ARC = YES;
				CLANG_WARN_BOOL_CONVERSION = YES;
				CLANG_WARN_CONSTANT_CONVERSION = YES;
				CLANG_WARN_DIRECT_OBJC_ISA_USAGE = YES_ERROR;
				CLANG_WARN_EMPTY_BODY = YES;
				CLANG_WARN_ENUM_CONVERSION = YES;
				CLANG_WARN_INT_CONVERSION = YES;
				CLANG_WARN_OBJC_ROOT_CLASS = YES_ERROR;
				CLANG_WARN__DUPLICATE_METHOD_MATCH = YES;
				COPY_PHASE_STRIP = NO;
				GCC_C_LANGUAGE_STANDARD = gnu99;
				GCC_DYNAMIC_NO_PIC = NO;
				GCC_ENABLE_OBJC_EXCEPTIONS = YES;
				GCC_OPTIMIZATION_LEVEL = 0;
				GCC_PREPROCESSOR_DEFINITIONS = (
					"DEBUG=1",
					"$(inherited)",
				);
				GCC_SYMBOLS_PRIVATE_EXTERN = NO;
				GCC_WARN_64_TO_32_BIT_CONVERSION = YES;
				GCC_WARN_ABOUT_RETURN_TYPE = YES_ERROR;
				GCC_WARN_UNDECLARED_SELECTOR = YES;
				GCC_WARN_UNINITIALIZED_AUTOS = YES_AGGRESSIVE;
				GCC_WARN_UNUSED_FUNCTION = YES;
				GCC_WARN_UNUSED_VARIABLE = YES;
				MACOSX_DEPLOYMENT_TARGET = 10.9;
				ONLY_ACTIVE_ARCH = YES;
				SDKROOT = macosx;
			};
			name = Debug;
		};
		F92BE397191BFF7200172999 /* Release */ = {
			isa = XCBuildConfiguration;
			buildSettings = {
				ALWAYS_SEARCH_USER_PATHS = NO;
				CLANG_CXX_LANGUAGE_STANDARD = "gnu++0x";
				CLANG_CXX_LIBRARY = "libc++";
				CLANG_ENABLE_MODULES = YES;
				CLANG_ENABLE_OBJC_ARC = YES;
				CLANG_WARN_BOOL_CONVERSION = YES;
				CLANG_WARN_CONSTANT_CONVERSION = YES;
				CLANG_WARN_DIRECT_OBJC_ISA_USAGE = YES_ERROR;
				CLANG_WARN_EMPTY_BODY = YES;
				CLANG_WARN_ENUM_CONVERSION = YES;
				CLANG_WARN_INT_CONVERSION = YES;
				CLANG_WARN_OBJC_ROOT_CLASS = YES_ERROR;
				CLANG_WARN__DUPLICATE_METHOD_MATCH = YES;
				COPY_PHASE_STRIP = YES;
				DEBUG_INFORMATION_FORMAT = "dwarf-with-dsym";
				ENABLE_NS_ASSERTIONS = NO;
				GCC_C_LANGUAGE_STANDARD = gnu99;
				GCC_ENABLE_OBJC_EXCEPTIONS = YES;
				GCC_WARN_64_TO_32_BIT_CONVERSION = YES;
				GCC_WARN_ABOUT_RETURN_TYPE = YES_ERROR;
				GCC_WARN_UNDECLARED_SELECTOR = YES;
				GCC_WARN_UNINITIALIZED_AUTOS = YES_AGGRESSIVE;
				GCC_WARN_UNUSED_FUNCTION = YES;
				GCC_WARN_UNUSED_VARIABLE = YES;
				MACOSX_DEPLOYMENT_TARGET = 10.9;
				SDKROOT = macosx;
			};
			name = Release;
		};
		F92BE399191BFF7200172999 /* Debug */ = {
			isa = XCBuildConfiguration;
			buildSettings = {
				DEBUGGING_SYMBOLS = YES;
				GCC_GENERATE_DEBUGGING_SYMBOLS = YES;
				GCC_OPTIMIZATION_LEVEL = 0;
				OTHER_CFLAGS = "";
				OTHER_LDFLAGS = "";
				PRODUCT_NAME = "$(TARGET_NAME)";
			};
			name = Debug;
		};
		F92BE39A191BFF7200172999 /* Release */ = {
			isa = XCBuildConfiguration;
			buildSettings = {
				OTHER_CFLAGS = "";
				OTHER_LDFLAGS = "";
				PRODUCT_NAME = "$(TARGET_NAME)";
			};
			name = Release;
		};
/* End XCBuildConfiguration section */

/* Begin XCConfigurationList section */
		F92BE394191BFF7200172999 /* Build configuration list for PBXProject "426 Final Project" */ = {
			isa = XCConfigurationList;
			buildConfigurations = (
				F92BE396191BFF7200172999 /* Debug */,
				F92BE397191BFF7200172999 /* Release */,
			);
			defaultConfigurationIsVisible = 0;
			defaultConfigurationName = Release;
		};
		F92BE398191BFF7200172999 /* Build configuration list for PBXLegacyTarget "426 Final Project" */ = {
			isa = XCConfigurationList;
			buildConfigurations = (
				F92BE399191BFF7200172999 /* Debug */,
				F92BE39A191BFF7200172999 /* Release */,
			);
			defaultConfigurationIsVisible = 0;
			defaultConfigurationName = Release;
		};
/* End XCConfigurationList section */
	};
	rootObject = F92BE391191BFF7200172999 /* Project object */;
}
